
Microsoft Visual Studio Solution File, Format Version 12.00
# Visual Studio Version 18
VisualStudioVersion = 18.1.11312.151
MinimumVisualStudioVersion = 10.0.40219.1
Project("{9A19103F-16F7-4668-BE54-9A1E7A4F7556}") = "Prism.Soundboard", "Prism.Soundboard\Prism.Soundboard.csproj", "{36288929-011F-4CD0-B456-0237A16504E4}"
EndProject
Project("{2150E333-8FDC-42A3-9474-1A3956D46DE8}") = "Solution Items", "Solution Items", "{C5DC0EA9-0ED6-46D0-9CAE-3BED179FD30D}"
	ProjectSection(SolutionItems) = preProject
		.editorconfig = .editorconfig
	EndProjectSection
EndProject
Project("{FAE04EC0-301F-11D3-BF4B-00C04F79EFBC}") = "Prism.Soundboard.Web", "Prism.Soundboard.Web\Prism.Soundboard.Web.csproj", "{42D05E91-D9BF-4DE5-8066-9469B3BA3A7E}"
EndProject
Global
	GlobalSection(SolutionConfigurationPlatforms) = preSolution
		Debug|Any CPU = Debug|Any CPU
		Debug|ARM = Debug|ARM
		Debug|ARM64 = Debug|ARM64
		Debug|x64 = Debug|x64
		Debug|x86 = Debug|x86
		Release|Any CPU = Release|Any CPU
		Release|ARM = Release|ARM
		Release|ARM64 = Release|ARM64
		Release|x64 = Release|x64
		Release|x86 = Release|x86
	EndGlobalSection
	GlobalSection(ProjectConfigurationPlatforms) = postSolution
		{36288929-011F-4CD0-B456-0237A16504E4}.Debug|Any CPU.ActiveCfg = Debug|Any CPU
		{36288929-011F-4CD0-B456-0237A16504E4}.Debug|Any CPU.Build.0 = Debug|Any CPU
		{36288929-011F-4CD0-B456-0237A16504E4}.Debug|ARM.ActiveCfg = Debug|Any CPU
		{36288929-011F-4CD0-B456-0237A16504E4}.Debug|ARM.Build.0 = Debug|Any CPU
		{36288929-011F-4CD0-B456-0237A16504E4}.Debug|ARM64.ActiveCfg = Debug|Any CPU
		{36288929-011F-4CD0-B456-0237A16504E4}.Debug|ARM64.Build.0 = Debug|Any CPU
		{36288929-011F-4CD0-B456-0237A16504E4}.Debug|x64.ActiveCfg = Debug|Any CPU
		{36288929-011F-4CD0-B456-0237A16504E4}.Debug|x64.Build.0 = Debug|Any CPU
		{36288929-011F-4CD0-B456-0237A16504E4}.Debug|x86.ActiveCfg = Debug|Any CPU
		{36288929-011F-4CD0-B456-0237A16504E4}.Debug|x86.Build.0 = Debug|Any CPU
		{36288929-011F-4CD0-B456-0237A16504E4}.Release|Any CPU.ActiveCfg = Release|Any CPU
		{36288929-011F-4CD0-B456-0237A16504E4}.Release|Any CPU.Build.0 = Release|Any CPU
		{36288929-011F-4CD0-B456-0237A16504E4}.Release|ARM.ActiveCfg = Release|Any CPU
		{36288929-011F-4CD0-B456-0237A16504E4}.Release|ARM.Build.0 = Release|Any CPU
		{36288929-011F-4CD0-B456-0237A16504E4}.Release|ARM64.ActiveCfg = Release|Any CPU
		{36288929-011F-4CD0-B456-0237A16504E4}.Release|ARM64.Build.0 = Release|Any CPU
		{36288929-011F-4CD0-B456-0237A16504E4}.Release|x64.ActiveCfg = Release|Any CPU
		{36288929-011F-4CD0-B456-0237A16504E4}.Release|x64.Build.0 = Release|Any CPU
		{36288929-011F-4CD0-B456-0237A16504E4}.Release|x86.ActiveCfg = Release|Any CPU
		{36288929-011F-4CD0-B456-0237A16504E4}.Release|x86.Build.0 = Release|Any CPU
		{42D05E91-D9BF-4DE5-8066-9469B3BA3A7E}.Debug|Any CPU.ActiveCfg = Debug|Any CPU
		{42D05E91-D9BF-4DE5-8066-9469B3BA3A7E}.Debug|Any CPU.Build.0 = Debug|Any CPU
		{42D05E91-D9BF-4DE5-8066-9469B3BA3A7E}.Debug|ARM.ActiveCfg = Debug|Any CPU
		{42D05E91-D9BF-4DE5-8066-9469B3BA3A7E}.Debug|ARM.Build.0 = Debug|Any CPU
		{42D05E91-D9BF-4DE5-8066-9469B3BA3A7E}.Debug|ARM64.ActiveCfg = Debug|Any CPU
		{42D05E91-D9BF-4DE5-8066-9469B3BA3A7E}.Debug|ARM64.Build.0 = Debug|Any CPU
		{42D05E91-D9BF-4DE5-8066-9469B3BA3A7E}.Debug|x64.ActiveCfg = Debug|Any CPU
		{42D05E91-D9BF-4DE5-8066-9469B3BA3A7E}.Debug|x64.Build.0 = Debug|Any CPU
		{42D05E91-D9BF-4DE5-8066-9469B3BA3A7E}.Debug|x86.ActiveCfg = Debug|Any CPU
		{42D05E91-D9BF-4DE5-8066-9469B3BA3A7E}.Debug|x86.Build.0 = Debug|Any CPU
		{42D05E91-D9BF-4DE5-8066-9469B3BA3A7E}.Release|Any CPU.ActiveCfg = Release|Any CPU
		{42D05E91-D9BF-4DE5-8066-9469B3BA3A7E}.Release|Any CPU.Build.0 = Release|Any CPU
		{42D05E91-D9BF-4DE5-8066-9469B3BA3A7E}.Release|ARM.ActiveCfg = Release|Any CPU
		{42D05E91-D9BF-4DE5-8066-9469B3BA3A7E}.Release|ARM.Build.0 = Release|Any CPU
		{42D05E91-D9BF-4DE5-8066-9469B3BA3A7E}.Release|ARM64.ActiveCfg = Release|Any CPU
		{42D05E91-D9BF-4DE5-8066-9469B3BA3A7E}.Release|ARM64.Build.0 = Release|Any CPU
		{42D05E91-D9BF-4DE5-8066-9469B3BA3A7E}.Release|x64.ActiveCfg = Release|Any CPU
		{42D05E91-D9BF-4DE5-8066-9469B3BA3A7E}.Release|x64.Build.0 = Release|Any CPU
		{42D05E91-D9BF-4DE5-8066-9469B3BA3A7E}.Release|x86.ActiveCfg = Release|Any CPU
		{42D05E91-D9BF-4DE5-8066-9469B3BA3A7E}.Release|x86.Build.0 = Release|Any CPU
	EndGlobalSection
	GlobalSection(SolutionProperties) = preSolution
		HideSolutionNode = FALSE
	EndGlobalSection
	GlobalSection(ExtensibilityGlobals) = postSolution
		SolutionGuid = {FA06D33A-68BA-49ED-9AC0-381778A3B532}
	EndGlobalSection
EndGlobal
