
Microsoft Visual Studio Solution File, Format Version 12.00
# Visual Studio Version 16
VisualStudioVersion = 16.0.30907.101
MinimumVisualStudioVersion = 10.0.40219.1
Project("{FAE04EC0-301F-11D3-BF4B-00C04F79EFBC}") = "Prism.Soundboard", "Prism.Soundboard\Prism.Soundboard.csproj", "{36288929-011F-4CD0-B456-0237A16504E4}"
EndProject
Global
	GlobalSection(SolutionConfigurationPlatforms) = preSolution
		Debug|Any CPU = Debug|Any CPU
		Release|Any CPU = Release|Any CPU
	EndGlobalSection
	GlobalSection(ProjectConfigurationPlatforms) = postSolution
		{36288929-011F-4CD0-B456-0237A16504E4}.Debug|Any CPU.ActiveCfg = Debug|Any CPU
		{36288929-011F-4CD0-B456-0237A16504E4}.Debug|Any CPU.Build.0 = Debug|Any CPU
		{36288929-011F-4CD0-B456-0237A16504E4}.Release|Any CPU.ActiveCfg = Release|Any CPU
		{36288929-011F-4CD0-B456-0237A16504E4}.Release|Any CPU.Build.0 = Release|Any CPU
	EndGlobalSection
	GlobalSection(SolutionProperties) = preSolution
		HideSolutionNode = FALSE
	EndGlobalSection
	GlobalSection(ExtensibilityGlobals) = postSolution
		SolutionGuid = {FA06D33A-68BA-49ED-9AC0-381778A3B532}
	EndGlobalSection
EndGlobal
